[[package]]
name = "pyyaml"
version = "6.0.1"
description = "YAML parser and emitter for Python"
category = "main"
optional = false
python-versions = ">=3.6"

[metadata]
lock-version = "1.1"
python-versions = "^3.10"
content-hash = "171b9d46ecf73d8671ffbdd4a6e5d8364c43bcf158c81c91c03d619b83006108"

[metadata.files]
pyyaml = []
