[[package]]
name = "alabaster"
version = "0.7.13"
description = "A configurable sidebar-enabled Sphinx theme"
category = "main"
optional = false
python-versions = ">=3.6"

[[package]]
name = "attrs"
version = "23.1.0"
description = "Classes Without Boilerplate"
category = "dev"
optional = false
python-versions = ">=3.7"

[package.extras]
cov = ["attrs", "coverage[toml] (>=5.3)"]
dev = ["attrs", "pre-commit"]
docs = ["furo", "myst-parser", "sphinx", "sphinx-notfound-page", "sphinxcontrib-towncrier", "towncrier", "zope-interface"]
tests = ["attrs", "zope-interface"]
tests-no-zope = ["cloudpickle", "hypothesis", "mypy (>=1.1.1)", "pympler", "pytest-mypy-plugins", "pytest-xdist", "pytest (>=4.3.0)"]

[[package]]
name = "auditinfo"
version = "0.1.0"
description = "Central information retrieval of this audit project"
category = "main"
optional = false
python-versions = "^3.10"
develop = true

[package.source]
type = "directory"
url = "../../tools/auditinfo"

[[package]]
name = "auditutils"
version = "0.1.0"
description = "Basic helpers for audit generation"
category = "main"
optional = false
python-versions = "^3.10"
develop = true

[package.source]
type = "directory"
url = "../../tools/auditutils"

[[package]]
name = "babel"
version = "2.13.1"
description = "Internationalization utilities"
category = "main"
optional = false
python-versions = ">=3.7"

[package.extras]
dev = ["pytest (>=6.0)", "pytest-cov", "freezegun (>=1.0,<2.0)"]

[[package]]
name = "cattrs"
version = "23.2.1"
description = "Composable complex class support for attrs and dataclasses."
category = "dev"
optional = false
python-versions = ">=3.8"

[package.dependencies]
attrs = ">=23.1.0"
exceptiongroup = {version = ">=1.1.1", markers = "python_version < \"3.11\""}
typing-extensions = {version = ">=4.1.0,<4.6.3 || >4.6.3", markers = "python_version < \"3.11\""}

[package.extras]
bson = ["pymongo (>=4.4.0)"]
cbor2 = ["cbor2 (>=5.4.6)"]
msgpack = ["msgpack (>=1.0.5)"]
orjson = ["orjson (>=3.9.2)"]
pyyaml = ["pyyaml (>=6.0)"]
tomlkit = ["tomlkit (>=0.11.8)"]
ujson = ["ujson (>=5.7.0)"]

[[package]]
name = "certifi"
version = "2023.11.17"
description = "Python package for providing Mozilla's CA Bundle."
category = "main"
optional = false
python-versions = ">=3.6"

[[package]]
name = "cffi"
version = "1.16.0"
description = "Foreign Function Interface for Python calling C code."
category = "main"
optional = false
python-versions = ">=3.8"

[package.dependencies]
pycparser = "*"

[[package]]
name = "charset-normalizer"
version = "3.3.2"
description = "The Real First Universal Charset Detector. Open, modern and actively maintained alternative to Chardet."
category = "main"
optional = false
python-versions = ">=3.7.0"

[[package]]
name = "colorama"
version = "0.4.6"
description = "Cross-platform colored terminal text."
category = "main"
optional = false
python-versions = "!=3.0.*,!=3.1.*,!=3.2.*,!=3.3.*,!=3.4.*,!=3.5.*,!=3.6.*,>=2.7"

[[package]]
name = "cryptography"
version = "41.0.5"
description = "cryptography is a package which provides cryptographic recipes and primitives to Python developers."
category = "main"
optional = false
python-versions = ">=3.7"

[package.dependencies]
cffi = ">=1.12"

[package.extras]
docs = ["sphinx (>=5.3.0)", "sphinx-rtd-theme (>=1.1.1)"]
docstest = ["pyenchant (>=1.6.11)", "twine (>=1.12.0)", "sphinxcontrib-spelling (>=4.0.1)"]
nox = ["nox"]
pep8test = ["black", "ruff", "mypy", "check-sdist"]
sdist = ["build"]
ssh = ["bcrypt (>=3.1.5)"]
test = ["pytest (>=6.2.0)", "pytest-benchmark", "pytest-cov", "pytest-xdist", "pretend"]
test-randomorder = ["pytest-randomly"]

[[package]]
name = "deprecated"
version = "1.2.14"
description = "Python @deprecated decorator to deprecate old python classes, functions or methods."
category = "main"
optional = false
python-versions = ">=2.7, !=3.0.*, !=3.1.*, !=3.2.*, !=3.3.*"

[package.dependencies]
wrapt = ">=1.10,<2"

[package.extras]
dev = ["tox", "pytest", "pytest-cov", "bump2version (<1)", "sphinx (<2)"]

[[package]]
name = "docutils"
version = "0.19"
description = "Docutils -- Python Documentation Utilities"
category = "main"
optional = false
python-versions = ">=3.7"

[[package]]
name = "esbonio"
version = "0.16.2"
description = "A Language Server for Sphinx projects."
category = "dev"
optional = false
python-versions = ">=3.7"

[package.dependencies]
platformdirs = "*"
pygls = ">=1.1.0"
pyspellchecker = "*"
sphinx = "*"

[package.extras]
dev = ["black", "flake8", "pre-commit", "tox"]
test = ["pytest", "pytest-lsp (>=0.3.1)", "pytest-cov", "pytest-timeout", "mock"]
typecheck = ["mypy", "pytest-lsp (>=0.3.1)", "types-appdirs", "types-docutils", "types-pygments"]

[[package]]
name = "exceptiongroup"
version = "1.1.3"
description = "Backport of PEP 654 (exception groups)"
category = "dev"
optional = false
python-versions = ">=3.7"

[package.extras]
test = ["pytest (>=6)"]

[[package]]
name = "genaudit"
version = "0.1.0"
description = "Generator scripts and helpers to pull patch information from GitHub"
category = "main"
optional = false
python-versions = "^3.10"
develop = true

[package.dependencies]
auditinfo = {path = "../auditinfo", develop = true}
auditutils = {path = "../auditutils", develop = true}
Jinja2 = "^3.0"
pygithub = "~1.59"
pyyaml = "^6.0"

[package.source]
type = "directory"
url = "../../tools/genaudit"

[[package]]
name = "idna"
version = "3.4"
description = "Internationalized Domain Names in Applications (IDNA)"
category = "main"
optional = false
python-versions = ">=3.5"

[[package]]
name = "imagesize"
version = "1.4.1"
description = "Getting image size from png/jpeg/jpeg2000/gif file"
category = "main"
optional = false
python-versions = ">=2.7, !=3.0.*, !=3.1.*, !=3.2.*, !=3.3.*"

[[package]]
name = "jinja2"
version = "3.1.2"
description = "A very fast and expressive template engine."
category = "main"
optional = false
python-versions = ">=3.7"

[package.dependencies]
MarkupSafe = ">=2.0"

[package.extras]
i18n = ["Babel (>=2.7)"]

[[package]]
name = "lsprotocol"
version = "2023.0.0"
description = "Python implementation of the Language Server Protocol."
category = "dev"
optional = false
python-versions = ">=3.7"

[package.dependencies]
attrs = ">=21.3.0"
cattrs = "*"

[[package]]
name = "markupsafe"
version = "2.1.3"
description = "Safely add untrusted strings to HTML/XML markup."
category = "main"
optional = false
python-versions = ">=3.7"

[[package]]
name = "packaging"
version = "23.2"
description = "Core utilities for Python packages"
category = "main"
optional = false
python-versions = ">=3.7"

[[package]]
name = "platformdirs"
version = "4.0.0"
description = "A small Python package for determining appropriate platform-specific dirs, e.g. a \"user data dir\"."
category = "dev"
optional = false
python-versions = ">=3.7"

[package.extras]
docs = ["furo (>=2023.7.26)", "proselint (>=0.13)", "sphinx-autodoc-typehints (>=1.24)", "sphinx (>=7.1.1)"]
test = ["appdirs (==1.4.4)", "covdefaults (>=2.3)", "pytest-cov (>=4.1)", "pytest-mock (>=3.11.1)", "pytest (>=7.4)"]

[[package]]
name = "pycparser"
version = "2.21"
description = "C parser in Python"
category = "main"
optional = false
python-versions = ">=2.7, !=3.0.*, !=3.1.*, !=3.2.*, !=3.3.*"

[[package]]
name = "pygithub"
version = "1.59.1"
description = "Use the full Github API v3"
category = "main"
optional = false
python-versions = ">=3.7"

[package.dependencies]
deprecated = "*"
pyjwt = {version = ">=2.4.0", extras = ["crypto"]}
pynacl = ">=1.4.0"
requests = ">=2.14.0"

[[package]]
name = "pygls"
version = "1.2.0"
description = "A pythonic generic language server (pronounced like 'pie glass')"
category = "dev"
optional = false
python-versions = ">=3.7.9,<4"

[package.dependencies]
lsprotocol = "2023.0.0"

[package.extras]
ws = ["websockets (>=11.0.3,<12.0.0)"]

[[package]]
name = "pygments"
version = "2.17.1"
description = "Pygments is a syntax highlighting package written in Python."
category = "main"
optional = false
python-versions = ">=3.7"

[package.extras]
plugins = ["importlib-metadata"]
windows-terminal = ["colorama (>=0.4.6)"]

[[package]]
name = "pyjwt"
version = "2.8.0"
description = "JSON Web Token implementation in Python"
category = "main"
optional = false
python-versions = ">=3.7"

[package.dependencies]
cryptography = {version = ">=3.4.0", optional = true, markers = "extra == \"crypto\""}

[package.extras]
crypto = ["cryptography (>=3.4.0)"]
dev = ["sphinx (>=4.5.0,<5.0.0)", "sphinx-rtd-theme", "zope.interface", "cryptography (>=3.4.0)", "pytest (>=6.0.0,<7.0.0)", "coverage[toml] (==5.0.4)", "pre-commit"]
docs = ["sphinx (>=4.5.0,<5.0.0)", "sphinx-rtd-theme", "zope.interface"]
tests = ["pytest (>=6.0.0,<7.0.0)", "coverage[toml] (==5.0.4)"]

[[package]]
name = "pylatexenc"
version = "2.10"
description = "Simple LaTeX parser providing latex-to-unicode and unicode-to-latex conversion"
category = "main"
optional = false
python-versions = "*"

[[package]]
name = "pynacl"
version = "1.5.0"
description = "Python binding to the Networking and Cryptography (NaCl) library"
category = "main"
optional = false
python-versions = ">=3.6"

[package.dependencies]
cffi = ">=1.4.1"

[package.extras]
docs = ["sphinx (>=1.6.5)", "sphinx-rtd-theme"]
tests = ["pytest (>=3.2.1,!=3.3.0)", "hypothesis (>=3.27.0)"]

[[package]]
name = "pyspellchecker"
version = "0.7.2"
description = "Pure python spell checker based on work by Peter Norvig"
category = "dev"
optional = false
python-versions = ">=3.6"

[[package]]
name = "pyyaml"
version = "6.0.1"
description = "YAML parser and emitter for Python"
category = "main"
optional = false
python-versions = ">=3.6"

[[package]]
name = "requests"
version = "2.31.0"
description = "Python HTTP for Humans."
category = "main"
optional = false
python-versions = ">=3.7"

[package.dependencies]
certifi = ">=2017.4.17"
charset-normalizer = ">=2,<4"
idna = ">=2.5,<4"
urllib3 = ">=1.21.1,<3"

[package.extras]
socks = ["PySocks (>=1.5.6,!=1.5.7)"]
use_chardet_on_py3 = ["chardet (>=3.0.2,<6)"]

[[package]]
name = "snowballstemmer"
version = "2.2.0"
description = "This package provides 29 stemmers for 28 languages generated from Snowball algorithms."
category = "main"
optional = false
python-versions = "*"

[[package]]
name = "sourceref"
version = "0.1.0"
description = "Sphinx extension to conveniently link to source files in a GitHub project"
category = "main"
optional = false
python-versions = "^3.10"
develop = true

[package.dependencies]
auditinfo = {path = "../auditinfo", develop = true}
requests = "^2.25"
Sphinx = "^6.1.3"

[package.source]
type = "directory"
url = "../../tools/sourceref"

[[package]]
name = "sphinx"
version = "6.2.1"
description = "Python documentation generator"
category = "main"
optional = false
python-versions = ">=3.8"

[package.dependencies]
alabaster = ">=0.7,<0.8"
babel = ">=2.9"
colorama = {version = ">=0.4.5", markers = "sys_platform == \"win32\""}
docutils = ">=0.18.1,<0.20"
imagesize = ">=1.3"
Jinja2 = ">=3.0"
packaging = ">=21.0"
Pygments = ">=2.13"
requests = ">=2.25.0"
snowballstemmer = ">=2.0"
sphinxcontrib-applehelp = "*"
sphinxcontrib-devhelp = "*"
sphinxcontrib-htmlhelp = ">=2.0.0"
sphinxcontrib-jsmath = "*"
sphinxcontrib-qthelp = "*"
sphinxcontrib-serializinghtml = ">=1.1.5"

[package.extras]
docs = ["sphinxcontrib-websupport"]
lint = ["flake8 (>=3.5.0)", "flake8-simplify", "isort", "ruff", "mypy (>=0.990)", "sphinx-lint", "docutils-stubs", "types-requests"]
test = ["pytest (>=4.6)", "html5lib", "cython", "filelock"]

[[package]]
name = "sphinxcontrib-applehelp"
version = "1.0.7"
description = "sphinxcontrib-applehelp is a Sphinx extension which outputs Apple help books"
category = "main"
optional = false
python-versions = ">=3.9"

[package.dependencies]
Sphinx = ">=5"

[package.extras]
lint = ["flake8", "mypy", "docutils-stubs"]
test = ["pytest"]

[[package]]
name = "sphinxcontrib-devhelp"
version = "1.0.5"
description = "sphinxcontrib-devhelp is a sphinx extension which outputs Devhelp documents"
category = "main"
optional = false
python-versions = ">=3.9"

[package.dependencies]
Sphinx = ">=5"

[package.extras]
lint = ["flake8", "mypy", "docutils-stubs"]
test = ["pytest"]

[[package]]
name = "sphinxcontrib-htmlhelp"
version = "2.0.4"
description = "sphinxcontrib-htmlhelp is a sphinx extension which renders HTML help files"
category = "main"
optional = false
python-versions = ">=3.9"

[package.dependencies]
Sphinx = ">=5"

[package.extras]
lint = ["flake8", "mypy", "docutils-stubs"]
test = ["pytest", "html5lib"]

[[package]]
name = "sphinxcontrib-jsmath"
version = "1.0.1"
description = "A sphinx extension which renders display math in HTML via JavaScript"
category = "main"
optional = false
python-versions = ">=3.5"

[package.extras]
test = ["pytest", "flake8", "mypy"]

[[package]]
name = "sphinxcontrib-qthelp"
version = "1.0.6"
description = "sphinxcontrib-qthelp is a sphinx extension which outputs QtHelp documents"
category = "main"
optional = false
python-versions = ">=3.9"

[package.dependencies]
Sphinx = ">=5"

[package.extras]
lint = ["flake8", "mypy", "docutils-stubs"]
test = ["pytest"]

[[package]]
name = "sphinxcontrib-serializinghtml"
version = "1.1.9"
description = "sphinxcontrib-serializinghtml is a sphinx extension which outputs \"serialized\" HTML files (json and pickle)"
category = "main"
optional = false
python-versions = ">=3.9"

[package.dependencies]
Sphinx = ">=5"

[package.extras]
lint = ["flake8", "mypy", "docutils-stubs"]
test = ["pytest"]

[[package]]
name = "typing-extensions"
version = "4.8.0"
description = "Backported and Experimental Type Hints for Python 3.8+"
category = "dev"
optional = false
python-versions = ">=3.8"

[[package]]
name = "urllib3"
version = "2.1.0"
description = "HTTP library with thread-safe connection pooling, file post, and more."
category = "main"
optional = false
python-versions = ">=3.8"

[package.extras]
brotli = ["brotli (>=1.0.9)", "brotlicffi (>=0.8.0)"]
socks = ["pysocks (>=1.5.6,!=1.5.7,<2.0)"]
zstd = ["zstandard (>=0.18.0)"]

[[package]]
name = "wrapt"
version = "1.16.0"
description = "Module for decorators, wrappers and monkey patching."
category = "main"
optional = false
python-versions = ">=3.6"

[metadata]
lock-version = "1.1"
python-versions = "^3.10"
content-hash = "e8ce7202089d0fd30d041f3dc07398f68e90091863143561b43527828eef9186"

[metadata.files]
alabaster = []
attrs = []
auditinfo = []
auditutils = []
babel = []
cattrs = []
certifi = []
cffi = []
charset-normalizer = []
colorama = []
cryptography = []
deprecated = []
docutils = []
esbonio = []
exceptiongroup = []
genaudit = []
idna = []
imagesize = []
jinja2 = []
lsprotocol = []
markupsafe = []
packaging = []
platformdirs = []
pycparser = []
pygithub = []
pygls = []
pygments = []
pyjwt = []
pylatexenc = []
pynacl = []
pyspellchecker = []
pyyaml = []
requests = []
snowballstemmer = []
sourceref = []
sphinx = []
sphinxcontrib-applehelp = []
sphinxcontrib-devhelp = []
sphinxcontrib-htmlhelp = []
sphinxcontrib-jsmath = []
sphinxcontrib-qthelp = []
sphinxcontrib-serializinghtml = []
typing-extensions = []
urllib3 = []
wrapt = []
