[[package]]
name = "alabaster"
version = "0.7.13"
description = "A configurable sidebar-enabled Sphinx theme"
category = "main"
optional = false
python-versions = ">=3.6"

[[package]]
name = "babel"
version = "2.12.1"
description = "Internationalization utilities"
category = "main"
optional = false
python-versions = ">=3.7"

[[package]]
name = "certifi"
version = "2023.5.7"
description = "Python package for providing Mozilla's CA Bundle."
category = "main"
optional = false
python-versions = ">=3.6"

[[package]]
name = "charset-normalizer"
version = "3.2.0"
description = "The Real First Universal Charset Detector. Open, modern and actively maintained alternative to Chardet."
category = "main"
optional = false
python-versions = ">=3.7.0"

[[package]]
name = "colorama"
version = "0.4.6"
description = "Cross-platform colored terminal text."
category = "main"
optional = false
python-versions = "!=3.0.*,!=3.1.*,!=3.2.*,!=3.3.*,!=3.4.*,!=3.5.*,!=3.6.*,>=2.7"

[[package]]
name = "docutils"
version = "0.19"
description = "Docutils -- Python Documentation Utilities"
category = "main"
optional = false
python-versions = ">=3.7"

[[package]]
name = "idna"
version = "3.4"
description = "Internationalized Domain Names in Applications (IDNA)"
category = "main"
optional = false
python-versions = ">=3.5"

[[package]]
name = "imagesize"
version = "1.4.1"
description = "Getting image size from png/jpeg/jpeg2000/gif file"
category = "main"
optional = false
python-versions = ">=2.7, !=3.0.*, !=3.1.*, !=3.2.*, !=3.3.*"

[[package]]
name = "jinja2"
version = "3.1.2"
description = "A very fast and expressive template engine."
category = "main"
optional = false
python-versions = ">=3.7"

[package.dependencies]
MarkupSafe = ">=2.0"

[package.extras]
i18n = ["Babel (>=2.7)"]

[[package]]
name = "markupsafe"
version = "2.1.3"
description = "Safely add untrusted strings to HTML/XML markup."
category = "main"
optional = false
python-versions = ">=3.7"

[[package]]
name = "packaging"
version = "23.1"
description = "Core utilities for Python packages"
category = "main"
optional = false
python-versions = ">=3.7"

[[package]]
name = "pygments"
version = "2.15.1"
description = "Pygments is a syntax highlighting package written in Python."
category = "main"
optional = false
python-versions = ">=3.7"

[package.extras]
plugins = ["importlib-metadata"]

[[package]]
name = "requests"
version = "2.31.0"
description = "Python HTTP for Humans."
category = "main"
optional = false
python-versions = ">=3.7"

[package.dependencies]
certifi = ">=2017.4.17"
charset-normalizer = ">=2,<4"
idna = ">=2.5,<4"
urllib3 = ">=1.21.1,<3"

[package.extras]
socks = ["PySocks (>=1.5.6,!=1.5.7)"]
use_chardet_on_py3 = ["chardet (>=3.0.2,<6)"]

[[package]]
name = "snowballstemmer"
version = "2.2.0"
description = "This package provides 29 stemmers for 28 languages generated from Snowball algorithms."
category = "main"
optional = false
python-versions = "*"

[[package]]
name = "sphinx"
version = "6.2.1"
description = "Python documentation generator"
category = "main"
optional = false
python-versions = ">=3.8"

[package.dependencies]
alabaster = ">=0.7,<0.8"
babel = ">=2.9"
colorama = {version = ">=0.4.5", markers = "sys_platform == \"win32\""}
docutils = ">=0.18.1,<0.20"
imagesize = ">=1.3"
Jinja2 = ">=3.0"
packaging = ">=21.0"
Pygments = ">=2.13"
requests = ">=2.25.0"
snowballstemmer = ">=2.0"
sphinxcontrib-applehelp = "*"
sphinxcontrib-devhelp = "*"
sphinxcontrib-htmlhelp = ">=2.0.0"
sphinxcontrib-jsmath = "*"
sphinxcontrib-qthelp = "*"
sphinxcontrib-serializinghtml = ">=1.1.5"

[package.extras]
docs = ["sphinxcontrib-websupport"]
lint = ["flake8 (>=3.5.0)", "flake8-simplify", "isort", "ruff", "mypy (>=0.990)", "sphinx-lint", "docutils-stubs", "types-requests"]
test = ["pytest (>=4.6)", "html5lib", "cython", "filelock"]

[[package]]
name = "sphinxcontrib-applehelp"
version = "1.0.4"
description = "sphinxcontrib-applehelp is a Sphinx extension which outputs Apple help books"
category = "main"
optional = false
python-versions = ">=3.8"

[package.extras]
lint = ["flake8", "mypy", "docutils-stubs"]
test = ["pytest"]

[[package]]
name = "sphinxcontrib-devhelp"
version = "1.0.2"
description = "sphinxcontrib-devhelp is a sphinx extension which outputs Devhelp document."
category = "main"
optional = false
python-versions = ">=3.5"

[package.extras]
lint = ["flake8", "mypy", "docutils-stubs"]
test = ["pytest"]

[[package]]
name = "sphinxcontrib-htmlhelp"
version = "2.0.1"
description = "sphinxcontrib-htmlhelp is a sphinx extension which renders HTML help files"
category = "main"
optional = false
python-versions = ">=3.8"

[package.extras]
lint = ["flake8", "mypy", "docutils-stubs"]
test = ["pytest", "html5lib"]

[[package]]
name = "sphinxcontrib-jsmath"
version = "1.0.1"
description = "A sphinx extension which renders display math in HTML via JavaScript"
category = "main"
optional = false
python-versions = ">=3.5"

[package.extras]
test = ["pytest", "flake8", "mypy"]

[[package]]
name = "sphinxcontrib-qthelp"
version = "1.0.3"
description = "sphinxcontrib-qthelp is a sphinx extension which outputs QtHelp document."
category = "main"
optional = false
python-versions = ">=3.5"

[package.extras]
lint = ["flake8", "mypy", "docutils-stubs"]
test = ["pytest"]

[[package]]
name = "sphinxcontrib-serializinghtml"
version = "1.1.5"
description = "sphinxcontrib-serializinghtml is a sphinx extension which outputs \"serialized\" HTML files (json and pickle)."
category = "main"
optional = false
python-versions = ">=3.5"

[package.extras]
lint = ["flake8", "mypy", "docutils-stubs"]
test = ["pytest"]

[[package]]
name = "urllib3"
version = "2.0.3"
description = "HTTP library with thread-safe connection pooling, file post, and more."
category = "main"
optional = false
python-versions = ">=3.7"

[package.extras]
brotli = ["brotli (>=1.0.9)", "brotlicffi (>=0.8.0)"]
secure = ["certifi", "cryptography (>=1.9)", "idna (>=2.0.0)", "pyopenssl (>=17.1.0)", "urllib3-secure-extra"]
socks = ["pysocks (>=1.5.6,!=1.5.7,<2.0)"]
zstd = ["zstandard (>=0.18.0)"]

[metadata]
lock-version = "1.1"
python-versions = "^3.10"
content-hash = "3c2eea576d0733a7305b5f3b1c98ee794c96e3e53eacf60e343533c6d046188a"

[metadata.files]
alabaster = []
babel = []
certifi = []
charset-normalizer = []
colorama = []
docutils = []
idna = []
imagesize = []
jinja2 = []
markupsafe = []
packaging = []
pygments = []
requests = []
snowballstemmer = []
sphinx = []
sphinxcontrib-applehelp = []
sphinxcontrib-devhelp = []
sphinxcontrib-htmlhelp = []
sphinxcontrib-jsmath = []
sphinxcontrib-qthelp = []
sphinxcontrib-serializinghtml = []
urllib3 = []
